
Microsoft Visual Studio Solution File, Format Version 12.00
# Visual Studio 15
VisualStudioVersion = 15.0.26730.16
MinimumVisualStudioVersion = 10.0.40219.1
Project("{9A19103F-16F7-4668-BE54-9A1E7A4F7556}") = "Masterarbeit.Frontend", "Masterarbeit.Frontend\Masterarbeit.Frontend.csproj", "{8BFF5C16-FBE5-4F99-9FC7-C6B5EE0F4F6A}"
EndProject
Project("{FAE04EC0-301F-11D3-BF4B-00C04F79EFBC}") = "Masterarbeit.Frontend.Contracts", "Masterarbeit.Frontend.Contracts\Masterarbeit.Frontend.Contracts.csproj", "{9C416E05-E33B-4FDD-9D64-7501A96CA586}"
EndProject
Project("{FAE04EC0-301F-11D3-BF4B-00C04F79EFBC}") = "Masterarbeit.Frontend.DatabaseAccess", "Masterarbeit.Frontend.DatabaseAccess\Masterarbeit.Frontend.DatabaseAccess.csproj", "{DCCAD20D-D75F-480A-9171-EC8500CF2DDC}"
EndProject
Project("{FAE04EC0-301F-11D3-BF4B-00C04F79EFBC}") = "Masterarbeit.Frontend.App", "Masterarbeit.Frontend.App\Masterarbeit.Frontend.App.csproj", "{80D3EC98-3B3B-400D-9391-DB7EED15769C}"
EndProject
Project("{FAE04EC0-301F-11D3-BF4B-00C04F79EFBC}") = "Masterarbeit.Frontend.AzureAccess", "Masterarbeit.Frontend.AzureAccess\Masterarbeit.Frontend.AzureAccess.csproj", "{8F0FEE1D-817A-461B-B42E-988619BAD69D}"
EndProject
Global
	GlobalSection(SolutionConfigurationPlatforms) = preSolution
		Debug|Any CPU = Debug|Any CPU
		Release|Any CPU = Release|Any CPU
	EndGlobalSection
	GlobalSection(ProjectConfigurationPlatforms) = postSolution
		{8BFF5C16-FBE5-4F99-9FC7-C6B5EE0F4F6A}.Debug|Any CPU.ActiveCfg = Debug|Any CPU
		{8BFF5C16-FBE5-4F99-9FC7-C6B5EE0F4F6A}.Debug|Any CPU.Build.0 = Debug|Any CPU
		{8BFF5C16-FBE5-4F99-9FC7-C6B5EE0F4F6A}.Release|Any CPU.ActiveCfg = Release|Any CPU
		{8BFF5C16-FBE5-4F99-9FC7-C6B5EE0F4F6A}.Release|Any CPU.Build.0 = Release|Any CPU
		{9C416E05-E33B-4FDD-9D64-7501A96CA586}.Debug|Any CPU.ActiveCfg = Debug|Any CPU
		{9C416E05-E33B-4FDD-9D64-7501A96CA586}.Debug|Any CPU.Build.0 = Debug|Any CPU
		{9C416E05-E33B-4FDD-9D64-7501A96CA586}.Release|Any CPU.ActiveCfg = Release|Any CPU
		{9C416E05-E33B-4FDD-9D64-7501A96CA586}.Release|Any CPU.Build.0 = Release|Any CPU
		{DCCAD20D-D75F-480A-9171-EC8500CF2DDC}.Debug|Any CPU.ActiveCfg = Debug|Any CPU
		{DCCAD20D-D75F-480A-9171-EC8500CF2DDC}.Debug|Any CPU.Build.0 = Debug|Any CPU
		{DCCAD20D-D75F-480A-9171-EC8500CF2DDC}.Release|Any CPU.ActiveCfg = Release|Any CPU
		{DCCAD20D-D75F-480A-9171-EC8500CF2DDC}.Release|Any CPU.Build.0 = Release|Any CPU
		{80D3EC98-3B3B-400D-9391-DB7EED15769C}.Debug|Any CPU.ActiveCfg = Debug|Any CPU
		{80D3EC98-3B3B-400D-9391-DB7EED15769C}.Debug|Any CPU.Build.0 = Debug|Any CPU
		{80D3EC98-3B3B-400D-9391-DB7EED15769C}.Release|Any CPU.ActiveCfg = Release|Any CPU
		{80D3EC98-3B3B-400D-9391-DB7EED15769C}.Release|Any CPU.Build.0 = Release|Any CPU
		{8F0FEE1D-817A-461B-B42E-988619BAD69D}.Debug|Any CPU.ActiveCfg = Debug|Any CPU
		{8F0FEE1D-817A-461B-B42E-988619BAD69D}.Debug|Any CPU.Build.0 = Debug|Any CPU
		{8F0FEE1D-817A-461B-B42E-988619BAD69D}.Release|Any CPU.ActiveCfg = Release|Any CPU
		{8F0FEE1D-817A-461B-B42E-988619BAD69D}.Release|Any CPU.Build.0 = Release|Any CPU
	EndGlobalSection
	GlobalSection(SolutionProperties) = preSolution
		HideSolutionNode = FALSE
	EndGlobalSection
	GlobalSection(ExtensibilityGlobals) = postSolution
		SolutionGuid = {5D1E3BF3-42D8-4DA7-8648-509432941C40}
	EndGlobalSection
EndGlobal
